
Microsoft Visual Studio Solution File, Format Version 12.00
# Visual Studio Version 16
VisualStudioVersion = 16.0.28922.388
MinimumVisualStudioVersion = 10.0.40219.1
Project("{9A19103F-16F7-4668-BE54-9A1E7A4F7556}") = "Convex.Example", "Convex.Example\Convex.Example.csproj", "{CF37CDB3-3E4C-48AA-BA9A-DB5EAC5ABE8F}"
EndProject
Project("{9A19103F-16F7-4668-BE54-9A1E7A4F7556}") = "Convex.Base", "Convex.Base\Convex.Base.csproj", "{C419C111-5A03-4738-90A5-FB5318F6DB67}"
EndProject
Project("{2150E333-8FDC-42A3-9474-1A3956D46DE8}") = "Solution Items", "Solution Items", "{2FCB73E7-25B9-4C79-BE52-BFA6601FEDAE}"
	ProjectSection(SolutionItems) = preProject
		.gitattributes = .gitattributes
		.gitignore = .gitignore
		LICENSE = LICENSE
		README.md = README.md
	EndProjectSection
EndProject
Project("{9A19103F-16F7-4668-BE54-9A1E7A4F7556}") = "Convex.Core", "Convex.Core\Convex.Core.csproj", "{73F68194-E859-494F-91BB-536715DF21B8}"
EndProject
Global
	GlobalSection(SolutionConfigurationPlatforms) = preSolution
		Debug|Any CPU = Debug|Any CPU
		Release|Any CPU = Release|Any CPU
	EndGlobalSection
	GlobalSection(ProjectConfigurationPlatforms) = postSolution
		{CF37CDB3-3E4C-48AA-BA9A-DB5EAC5ABE8F}.Debug|Any CPU.ActiveCfg = Debug|Any CPU
		{CF37CDB3-3E4C-48AA-BA9A-DB5EAC5ABE8F}.Debug|Any CPU.Build.0 = Debug|Any CPU
		{CF37CDB3-3E4C-48AA-BA9A-DB5EAC5ABE8F}.Release|Any CPU.ActiveCfg = Release|Any CPU
		{CF37CDB3-3E4C-48AA-BA9A-DB5EAC5ABE8F}.Release|Any CPU.Build.0 = Release|Any CPU
		{C419C111-5A03-4738-90A5-FB5318F6DB67}.Debug|Any CPU.ActiveCfg = Debug|Any CPU
		{C419C111-5A03-4738-90A5-FB5318F6DB67}.Debug|Any CPU.Build.0 = Debug|Any CPU
		{C419C111-5A03-4738-90A5-FB5318F6DB67}.Release|Any CPU.ActiveCfg = Release|Any CPU
		{C419C111-5A03-4738-90A5-FB5318F6DB67}.Release|Any CPU.Build.0 = Release|Any CPU
		{73F68194-E859-494F-91BB-536715DF21B8}.Debug|Any CPU.ActiveCfg = Debug|Any CPU
		{73F68194-E859-494F-91BB-536715DF21B8}.Debug|Any CPU.Build.0 = Debug|Any CPU
		{73F68194-E859-494F-91BB-536715DF21B8}.Release|Any CPU.ActiveCfg = Release|Any CPU
		{73F68194-E859-494F-91BB-536715DF21B8}.Release|Any CPU.Build.0 = Release|Any CPU
	EndGlobalSection
	GlobalSection(SolutionProperties) = preSolution
		HideSolutionNode = FALSE
	EndGlobalSection
	GlobalSection(ExtensibilityGlobals) = postSolution
		SolutionGuid = {EE87C8D1-0A67-439E-B9A4-62622E4FA381}
	EndGlobalSection
EndGlobal
